
Microsoft Visual Studio Solution File, Format Version 12.00
# Visual Studio Version 16
VisualStudioVersion = 16.0.30406.217
MinimumVisualStudioVersion = 15.0.26124.0
Project("{2150E333-8FDC-42A3-9474-1A3956D46DE8}") = "Dominio", "Dominio", "{10B489B9-BC8F-4FF2-863B-B65528663753}"
EndProject
Project("{9A19103F-16F7-4668-BE54-9A1E7A4F7556}") = "Manager.Domain", "Dominio\Manager.Domain\Manager.Domain.csproj", "{D5F16C2F-0E4D-41FD-A92D-310E29AD81C5}"
EndProject
Project("{9A19103F-16F7-4668-BE54-9A1E7A4F7556}") = "Manager.Negocio", "Dominio\Manager.Negocio\Manager.Negocio.csproj", "{3F275D88-E9E7-4F5E-B5D7-8A90F804A8A4}"
EndProject
Project("{2150E333-8FDC-42A3-9474-1A3956D46DE8}") = "Infraestrutura", "Infraestrutura", "{2982BE41-8A84-4B44-B12C-683CD9E07E61}"
EndProject
Project("{9A19103F-16F7-4668-BE54-9A1E7A4F7556}") = "Manager.Infra.Data", "Infraestrutura\Manager.Infra.Data\Manager.Infra.Data.csproj", "{F2A3C0CE-9974-4EA3-B474-EE3204699B91}"
EndProject
Project("{2150E333-8FDC-42A3-9474-1A3956D46DE8}") = "API", "API", "{D16F6BB5-B24E-4517-BD7D-0649D1BB5557}"
EndProject
Project("{9A19103F-16F7-4668-BE54-9A1E7A4F7556}") = "Manager.API", "API\Manager.API\Manager.API.csproj", "{F75B32E0-8FAE-4BBE-9F97-3763AB71C5D9}"
EndProject
Project("{9A19103F-16F7-4668-BE54-9A1E7A4F7556}") = "Manager.Infra.Logs", "Infraestrutura\Manager.Infra.Logs\Manager.Infra.Logs.csproj", "{730BE92A-5078-458B-9A58-B739DDC04299}"
EndProject
Project("{2150E333-8FDC-42A3-9474-1A3956D46DE8}") = "Testes", "Testes", "{B01CDAB3-A064-4D1B-BB6D-C8186CFA75A7}"
EndProject
Project("{FAE04EC0-301F-11D3-BF4B-00C04F79EFBC}") = "Manager.Testes.ConsoleApp", "Manager.Testes.ConsoleApp\Manager.Testes.ConsoleApp.csproj", "{CBAABB66-718F-4D39-89AD-15EC5A0B0529}"
EndProject
Global
	GlobalSection(SolutionConfigurationPlatforms) = preSolution
		Debug|Any CPU = Debug|Any CPU
		Debug|x64 = Debug|x64
		Debug|x86 = Debug|x86
		Release|Any CPU = Release|Any CPU
		Release|x64 = Release|x64
		Release|x86 = Release|x86
	EndGlobalSection
	GlobalSection(ProjectConfigurationPlatforms) = postSolution
		{D5F16C2F-0E4D-41FD-A92D-310E29AD81C5}.Debug|Any CPU.ActiveCfg = Debug|Any CPU
		{D5F16C2F-0E4D-41FD-A92D-310E29AD81C5}.Debug|Any CPU.Build.0 = Debug|Any CPU
		{D5F16C2F-0E4D-41FD-A92D-310E29AD81C5}.Debug|x64.ActiveCfg = Debug|Any CPU
		{D5F16C2F-0E4D-41FD-A92D-310E29AD81C5}.Debug|x64.Build.0 = Debug|Any CPU
		{D5F16C2F-0E4D-41FD-A92D-310E29AD81C5}.Debug|x86.ActiveCfg = Debug|Any CPU
		{D5F16C2F-0E4D-41FD-A92D-310E29AD81C5}.Debug|x86.Build.0 = Debug|Any CPU
		{D5F16C2F-0E4D-41FD-A92D-310E29AD81C5}.Release|Any CPU.ActiveCfg = Release|Any CPU
		{D5F16C2F-0E4D-41FD-A92D-310E29AD81C5}.Release|Any CPU.Build.0 = Release|Any CPU
		{D5F16C2F-0E4D-41FD-A92D-310E29AD81C5}.Release|x64.ActiveCfg = Release|Any CPU
		{D5F16C2F-0E4D-41FD-A92D-310E29AD81C5}.Release|x64.Build.0 = Release|Any CPU
		{D5F16C2F-0E4D-41FD-A92D-310E29AD81C5}.Release|x86.ActiveCfg = Release|Any CPU
		{D5F16C2F-0E4D-41FD-A92D-310E29AD81C5}.Release|x86.Build.0 = Release|Any CPU
		{3F275D88-E9E7-4F5E-B5D7-8A90F804A8A4}.Debug|Any CPU.ActiveCfg = Debug|Any CPU
		{3F275D88-E9E7-4F5E-B5D7-8A90F804A8A4}.Debug|Any CPU.Build.0 = Debug|Any CPU
		{3F275D88-E9E7-4F5E-B5D7-8A90F804A8A4}.Debug|x64.ActiveCfg = Debug|Any CPU
		{3F275D88-E9E7-4F5E-B5D7-8A90F804A8A4}.Debug|x64.Build.0 = Debug|Any CPU
		{3F275D88-E9E7-4F5E-B5D7-8A90F804A8A4}.Debug|x86.ActiveCfg = Debug|Any CPU
		{3F275D88-E9E7-4F5E-B5D7-8A90F804A8A4}.Debug|x86.Build.0 = Debug|Any CPU
		{3F275D88-E9E7-4F5E-B5D7-8A90F804A8A4}.Release|Any CPU.ActiveCfg = Release|Any CPU
		{3F275D88-E9E7-4F5E-B5D7-8A90F804A8A4}.Release|Any CPU.Build.0 = Release|Any CPU
		{3F275D88-E9E7-4F5E-B5D7-8A90F804A8A4}.Release|x64.ActiveCfg = Release|Any CPU
		{3F275D88-E9E7-4F5E-B5D7-8A90F804A8A4}.Release|x64.Build.0 = Release|Any CPU
		{3F275D88-E9E7-4F5E-B5D7-8A90F804A8A4}.Release|x86.ActiveCfg = Release|Any CPU
		{3F275D88-E9E7-4F5E-B5D7-8A90F804A8A4}.Release|x86.Build.0 = Release|Any CPU
		{F2A3C0CE-9974-4EA3-B474-EE3204699B91}.Debug|Any CPU.ActiveCfg = Debug|Any CPU
		{F2A3C0CE-9974-4EA3-B474-EE3204699B91}.Debug|Any CPU.Build.0 = Debug|Any CPU
		{F2A3C0CE-9974-4EA3-B474-EE3204699B91}.Debug|x64.ActiveCfg = Debug|Any CPU
		{F2A3C0CE-9974-4EA3-B474-EE3204699B91}.Debug|x64.Build.0 = Debug|Any CPU
		{F2A3C0CE-9974-4EA3-B474-EE3204699B91}.Debug|x86.ActiveCfg = Debug|Any CPU
		{F2A3C0CE-9974-4EA3-B474-EE3204699B91}.Debug|x86.Build.0 = Debug|Any CPU
		{F2A3C0CE-9974-4EA3-B474-EE3204699B91}.Release|Any CPU.ActiveCfg = Release|Any CPU
		{F2A3C0CE-9974-4EA3-B474-EE3204699B91}.Release|Any CPU.Build.0 = Release|Any CPU
		{F2A3C0CE-9974-4EA3-B474-EE3204699B91}.Release|x64.ActiveCfg = Release|Any CPU
		{F2A3C0CE-9974-4EA3-B474-EE3204699B91}.Release|x64.Build.0 = Release|Any CPU
		{F2A3C0CE-9974-4EA3-B474-EE3204699B91}.Release|x86.ActiveCfg = Release|Any CPU
		{F2A3C0CE-9974-4EA3-B474-EE3204699B91}.Release|x86.Build.0 = Release|Any CPU
		{F75B32E0-8FAE-4BBE-9F97-3763AB71C5D9}.Debug|Any CPU.ActiveCfg = Debug|Any CPU
		{F75B32E0-8FAE-4BBE-9F97-3763AB71C5D9}.Debug|Any CPU.Build.0 = Debug|Any CPU
		{F75B32E0-8FAE-4BBE-9F97-3763AB71C5D9}.Debug|x64.ActiveCfg = Debug|Any CPU
		{F75B32E0-8FAE-4BBE-9F97-3763AB71C5D9}.Debug|x64.Build.0 = Debug|Any CPU
		{F75B32E0-8FAE-4BBE-9F97-3763AB71C5D9}.Debug|x86.ActiveCfg = Debug|Any CPU
		{F75B32E0-8FAE-4BBE-9F97-3763AB71C5D9}.Debug|x86.Build.0 = Debug|Any CPU
		{F75B32E0-8FAE-4BBE-9F97-3763AB71C5D9}.Release|Any CPU.ActiveCfg = Release|Any CPU
		{F75B32E0-8FAE-4BBE-9F97-3763AB71C5D9}.Release|Any CPU.Build.0 = Release|Any CPU
		{F75B32E0-8FAE-4BBE-9F97-3763AB71C5D9}.Release|x64.ActiveCfg = Release|Any CPU
		{F75B32E0-8FAE-4BBE-9F97-3763AB71C5D9}.Release|x64.Build.0 = Release|Any CPU
		{F75B32E0-8FAE-4BBE-9F97-3763AB71C5D9}.Release|x86.ActiveCfg = Release|Any CPU
		{F75B32E0-8FAE-4BBE-9F97-3763AB71C5D9}.Release|x86.Build.0 = Release|Any CPU
		{730BE92A-5078-458B-9A58-B739DDC04299}.Debug|Any CPU.ActiveCfg = Debug|Any CPU
		{730BE92A-5078-458B-9A58-B739DDC04299}.Debug|Any CPU.Build.0 = Debug|Any CPU
		{730BE92A-5078-458B-9A58-B739DDC04299}.Debug|x64.ActiveCfg = Debug|Any CPU
		{730BE92A-5078-458B-9A58-B739DDC04299}.Debug|x64.Build.0 = Debug|Any CPU
		{730BE92A-5078-458B-9A58-B739DDC04299}.Debug|x86.ActiveCfg = Debug|Any CPU
		{730BE92A-5078-458B-9A58-B739DDC04299}.Debug|x86.Build.0 = Debug|Any CPU
		{730BE92A-5078-458B-9A58-B739DDC04299}.Release|Any CPU.ActiveCfg = Release|Any CPU
		{730BE92A-5078-458B-9A58-B739DDC04299}.Release|Any CPU.Build.0 = Release|Any CPU
		{730BE92A-5078-458B-9A58-B739DDC04299}.Release|x64.ActiveCfg = Release|Any CPU
		{730BE92A-5078-458B-9A58-B739DDC04299}.Release|x64.Build.0 = Release|Any CPU
		{730BE92A-5078-458B-9A58-B739DDC04299}.Release|x86.ActiveCfg = Release|Any CPU
		{730BE92A-5078-458B-9A58-B739DDC04299}.Release|x86.Build.0 = Release|Any CPU
		{CBAABB66-718F-4D39-89AD-15EC5A0B0529}.Debug|Any CPU.ActiveCfg = Debug|Any CPU
		{CBAABB66-718F-4D39-89AD-15EC5A0B0529}.Debug|Any CPU.Build.0 = Debug|Any CPU
		{CBAABB66-718F-4D39-89AD-15EC5A0B0529}.Debug|x64.ActiveCfg = Debug|Any CPU
		{CBAABB66-718F-4D39-89AD-15EC5A0B0529}.Debug|x64.Build.0 = Debug|Any CPU
		{CBAABB66-718F-4D39-89AD-15EC5A0B0529}.Debug|x86.ActiveCfg = Debug|Any CPU
		{CBAABB66-718F-4D39-89AD-15EC5A0B0529}.Debug|x86.Build.0 = Debug|Any CPU
		{CBAABB66-718F-4D39-89AD-15EC5A0B0529}.Release|Any CPU.ActiveCfg = Release|Any CPU
		{CBAABB66-718F-4D39-89AD-15EC5A0B0529}.Release|Any CPU.Build.0 = Release|Any CPU
		{CBAABB66-718F-4D39-89AD-15EC5A0B0529}.Release|x64.ActiveCfg = Release|Any CPU
		{CBAABB66-718F-4D39-89AD-15EC5A0B0529}.Release|x64.Build.0 = Release|Any CPU
		{CBAABB66-718F-4D39-89AD-15EC5A0B0529}.Release|x86.ActiveCfg = Release|Any CPU
		{CBAABB66-718F-4D39-89AD-15EC5A0B0529}.Release|x86.Build.0 = Release|Any CPU
	EndGlobalSection
	GlobalSection(SolutionProperties) = preSolution
		HideSolutionNode = FALSE
	EndGlobalSection
	GlobalSection(NestedProjects) = preSolution
		{D5F16C2F-0E4D-41FD-A92D-310E29AD81C5} = {10B489B9-BC8F-4FF2-863B-B65528663753}
		{3F275D88-E9E7-4F5E-B5D7-8A90F804A8A4} = {10B489B9-BC8F-4FF2-863B-B65528663753}
		{F2A3C0CE-9974-4EA3-B474-EE3204699B91} = {2982BE41-8A84-4B44-B12C-683CD9E07E61}
		{F75B32E0-8FAE-4BBE-9F97-3763AB71C5D9} = {D16F6BB5-B24E-4517-BD7D-0649D1BB5557}
		{730BE92A-5078-458B-9A58-B739DDC04299} = {2982BE41-8A84-4B44-B12C-683CD9E07E61}
		{CBAABB66-718F-4D39-89AD-15EC5A0B0529} = {B01CDAB3-A064-4D1B-BB6D-C8186CFA75A7}
	EndGlobalSection
	GlobalSection(ExtensibilityGlobals) = postSolution
		SolutionGuid = {8CCA167D-4C17-48E6-8ED7-966D1B171D34}
	EndGlobalSection
EndGlobal
