
Microsoft Visual Studio Solution File, Format Version 12.00
# Visual Studio Version 16
VisualStudioVersion = 16.0.30406.217
MinimumVisualStudioVersion = 15.0.26124.0
Project("{2150E333-8FDC-42A3-9474-1A3956D46DE8}") = "4 - Services", "4 - Services", "{F9F98DD3-99F5-411C-B7EB-66C954475D69}"
EndProject
Project("{2150E333-8FDC-42A3-9474-1A3956D46DE8}") = "3 - Application", "3 - Application", "{1014AEFF-96BD-46EE-AFBB-8106F6569F42}"
EndProject
Project("{2150E333-8FDC-42A3-9474-1A3956D46DE8}") = "0 - Domain", "0 - Domain", "{14901AE0-5504-4386-88A3-32AFAC6EEA81}"
EndProject
Project("{2150E333-8FDC-42A3-9474-1A3956D46DE8}") = "2 - Infra", "2 - Infra", "{CE17FEC3-97E3-4A5C-B4B1-6B0E5D6416D7}"
EndProject
Project("{9A19103F-16F7-4668-BE54-9A1E7A4F7556}") = "Manager.Application", "Manager.Application\Manager.Application.csproj", "{FB6FBD94-FD07-474C-92A4-7C3EE060AFE4}"
EndProject
Project("{9A19103F-16F7-4668-BE54-9A1E7A4F7556}") = "Manager.Domain.Core", "Manager.Domain.Core\Manager.Domain.Core.csproj", "{C694DCAE-CA86-48DD-B7DE-FABA52636790}"
EndProject
Project("{9A19103F-16F7-4668-BE54-9A1E7A4F7556}") = "Manager.Domain.Services", "Manager.Domain.Services\Manager.Domain.Services.csproj", "{5764AAF4-A169-4207-8535-91855937066E}"
EndProject
Project("{2150E333-8FDC-42A3-9474-1A3956D46DE8}") = "2.1 - Data", "2.1 - Data", "{E92B9807-96F4-4C06-A5C0-D3DAB2744D6F}"
EndProject
Project("{2150E333-8FDC-42A3-9474-1A3956D46DE8}") = "2.2 - CrossCutting", "2.2 - CrossCutting", "{49F42A9B-5B0F-4C35-85F3-6AFDB9C11CBD}"
EndProject
Project("{2150E333-8FDC-42A3-9474-1A3956D46DE8}") = "1 - Tests", "1 - Tests", "{F864E8A4-E43B-4FB5-8287-924BF0D349AC}"
EndProject
Project("{9A19103F-16F7-4668-BE54-9A1E7A4F7556}") = "Manager.Domain", "Manager.Domain\Manager.Domain.csproj", "{E3F0643A-3AA1-440E-8D18-DD4FAE99D4E6}"
EndProject
Project("{9A19103F-16F7-4668-BE54-9A1E7A4F7556}") = "Manager.Infra.Data", "Manager.Infra.Data\Manager.Infra.Data.csproj", "{7505CC52-2F80-4D03-95B4-FA12C1847A2F}"
EndProject
Project("{FAE04EC0-301F-11D3-BF4B-00C04F79EFBC}") = "Manager.Infra.CrossCutting.IOC", "Manager.Infra.CrossCutting.IOC\Manager.Infra.CrossCutting.IOC.csproj", "{D78C8F6D-108A-4F3E-BDC4-25364965E8F7}"
EndProject
Project("{FAE04EC0-301F-11D3-BF4B-00C04F79EFBC}") = "Manager.API", "Manager.API\Manager.API.csproj", "{C12AD831-24A3-4B3D-9345-C770D6D9C0DB}"
	ProjectSection(ProjectDependencies) = postProject
		{E3F0643A-3AA1-440E-8D18-DD4FAE99D4E6} = {E3F0643A-3AA1-440E-8D18-DD4FAE99D4E6}
	EndProjectSection
EndProject
Global
	GlobalSection(SolutionConfigurationPlatforms) = preSolution
		Debug|Any CPU = Debug|Any CPU
		Debug|x64 = Debug|x64
		Debug|x86 = Debug|x86
		Release|Any CPU = Release|Any CPU
		Release|x64 = Release|x64
		Release|x86 = Release|x86
	EndGlobalSection
	GlobalSection(ProjectConfigurationPlatforms) = postSolution
		{FB6FBD94-FD07-474C-92A4-7C3EE060AFE4}.Debug|Any CPU.ActiveCfg = Debug|Any CPU
		{FB6FBD94-FD07-474C-92A4-7C3EE060AFE4}.Debug|Any CPU.Build.0 = Debug|Any CPU
		{FB6FBD94-FD07-474C-92A4-7C3EE060AFE4}.Debug|x64.ActiveCfg = Debug|Any CPU
		{FB6FBD94-FD07-474C-92A4-7C3EE060AFE4}.Debug|x64.Build.0 = Debug|Any CPU
		{FB6FBD94-FD07-474C-92A4-7C3EE060AFE4}.Debug|x86.ActiveCfg = Debug|Any CPU
		{FB6FBD94-FD07-474C-92A4-7C3EE060AFE4}.Debug|x86.Build.0 = Debug|Any CPU
		{FB6FBD94-FD07-474C-92A4-7C3EE060AFE4}.Release|Any CPU.ActiveCfg = Release|Any CPU
		{FB6FBD94-FD07-474C-92A4-7C3EE060AFE4}.Release|Any CPU.Build.0 = Release|Any CPU
		{FB6FBD94-FD07-474C-92A4-7C3EE060AFE4}.Release|x64.ActiveCfg = Release|Any CPU
		{FB6FBD94-FD07-474C-92A4-7C3EE060AFE4}.Release|x64.Build.0 = Release|Any CPU
		{FB6FBD94-FD07-474C-92A4-7C3EE060AFE4}.Release|x86.ActiveCfg = Release|Any CPU
		{FB6FBD94-FD07-474C-92A4-7C3EE060AFE4}.Release|x86.Build.0 = Release|Any CPU
		{C694DCAE-CA86-48DD-B7DE-FABA52636790}.Debug|Any CPU.ActiveCfg = Debug|Any CPU
		{C694DCAE-CA86-48DD-B7DE-FABA52636790}.Debug|Any CPU.Build.0 = Debug|Any CPU
		{C694DCAE-CA86-48DD-B7DE-FABA52636790}.Debug|x64.ActiveCfg = Debug|Any CPU
		{C694DCAE-CA86-48DD-B7DE-FABA52636790}.Debug|x64.Build.0 = Debug|Any CPU
		{C694DCAE-CA86-48DD-B7DE-FABA52636790}.Debug|x86.ActiveCfg = Debug|Any CPU
		{C694DCAE-CA86-48DD-B7DE-FABA52636790}.Debug|x86.Build.0 = Debug|Any CPU
		{C694DCAE-CA86-48DD-B7DE-FABA52636790}.Release|Any CPU.ActiveCfg = Release|Any CPU
		{C694DCAE-CA86-48DD-B7DE-FABA52636790}.Release|Any CPU.Build.0 = Release|Any CPU
		{C694DCAE-CA86-48DD-B7DE-FABA52636790}.Release|x64.ActiveCfg = Release|Any CPU
		{C694DCAE-CA86-48DD-B7DE-FABA52636790}.Release|x64.Build.0 = Release|Any CPU
		{C694DCAE-CA86-48DD-B7DE-FABA52636790}.Release|x86.ActiveCfg = Release|Any CPU
		{C694DCAE-CA86-48DD-B7DE-FABA52636790}.Release|x86.Build.0 = Release|Any CPU
		{5764AAF4-A169-4207-8535-91855937066E}.Debug|Any CPU.ActiveCfg = Debug|Any CPU
		{5764AAF4-A169-4207-8535-91855937066E}.Debug|Any CPU.Build.0 = Debug|Any CPU
		{5764AAF4-A169-4207-8535-91855937066E}.Debug|x64.ActiveCfg = Debug|Any CPU
		{5764AAF4-A169-4207-8535-91855937066E}.Debug|x64.Build.0 = Debug|Any CPU
		{5764AAF4-A169-4207-8535-91855937066E}.Debug|x86.ActiveCfg = Debug|Any CPU
		{5764AAF4-A169-4207-8535-91855937066E}.Debug|x86.Build.0 = Debug|Any CPU
		{5764AAF4-A169-4207-8535-91855937066E}.Release|Any CPU.ActiveCfg = Release|Any CPU
		{5764AAF4-A169-4207-8535-91855937066E}.Release|Any CPU.Build.0 = Release|Any CPU
		{5764AAF4-A169-4207-8535-91855937066E}.Release|x64.ActiveCfg = Release|Any CPU
		{5764AAF4-A169-4207-8535-91855937066E}.Release|x64.Build.0 = Release|Any CPU
		{5764AAF4-A169-4207-8535-91855937066E}.Release|x86.ActiveCfg = Release|Any CPU
		{5764AAF4-A169-4207-8535-91855937066E}.Release|x86.Build.0 = Release|Any CPU
		{E3F0643A-3AA1-440E-8D18-DD4FAE99D4E6}.Debug|Any CPU.ActiveCfg = Debug|Any CPU
		{E3F0643A-3AA1-440E-8D18-DD4FAE99D4E6}.Debug|Any CPU.Build.0 = Debug|Any CPU
		{E3F0643A-3AA1-440E-8D18-DD4FAE99D4E6}.Debug|x64.ActiveCfg = Debug|Any CPU
		{E3F0643A-3AA1-440E-8D18-DD4FAE99D4E6}.Debug|x64.Build.0 = Debug|Any CPU
		{E3F0643A-3AA1-440E-8D18-DD4FAE99D4E6}.Debug|x86.ActiveCfg = Debug|Any CPU
		{E3F0643A-3AA1-440E-8D18-DD4FAE99D4E6}.Debug|x86.Build.0 = Debug|Any CPU
		{E3F0643A-3AA1-440E-8D18-DD4FAE99D4E6}.Release|Any CPU.ActiveCfg = Release|Any CPU
		{E3F0643A-3AA1-440E-8D18-DD4FAE99D4E6}.Release|Any CPU.Build.0 = Release|Any CPU
		{E3F0643A-3AA1-440E-8D18-DD4FAE99D4E6}.Release|x64.ActiveCfg = Release|Any CPU
		{E3F0643A-3AA1-440E-8D18-DD4FAE99D4E6}.Release|x64.Build.0 = Release|Any CPU
		{E3F0643A-3AA1-440E-8D18-DD4FAE99D4E6}.Release|x86.ActiveCfg = Release|Any CPU
		{E3F0643A-3AA1-440E-8D18-DD4FAE99D4E6}.Release|x86.Build.0 = Release|Any CPU
		{7505CC52-2F80-4D03-95B4-FA12C1847A2F}.Debug|Any CPU.ActiveCfg = Debug|Any CPU
		{7505CC52-2F80-4D03-95B4-FA12C1847A2F}.Debug|Any CPU.Build.0 = Debug|Any CPU
		{7505CC52-2F80-4D03-95B4-FA12C1847A2F}.Debug|x64.ActiveCfg = Debug|Any CPU
		{7505CC52-2F80-4D03-95B4-FA12C1847A2F}.Debug|x64.Build.0 = Debug|Any CPU
		{7505CC52-2F80-4D03-95B4-FA12C1847A2F}.Debug|x86.ActiveCfg = Debug|Any CPU
		{7505CC52-2F80-4D03-95B4-FA12C1847A2F}.Debug|x86.Build.0 = Debug|Any CPU
		{7505CC52-2F80-4D03-95B4-FA12C1847A2F}.Release|Any CPU.ActiveCfg = Release|Any CPU
		{7505CC52-2F80-4D03-95B4-FA12C1847A2F}.Release|Any CPU.Build.0 = Release|Any CPU
		{7505CC52-2F80-4D03-95B4-FA12C1847A2F}.Release|x64.ActiveCfg = Release|Any CPU
		{7505CC52-2F80-4D03-95B4-FA12C1847A2F}.Release|x64.Build.0 = Release|Any CPU
		{7505CC52-2F80-4D03-95B4-FA12C1847A2F}.Release|x86.ActiveCfg = Release|Any CPU
		{7505CC52-2F80-4D03-95B4-FA12C1847A2F}.Release|x86.Build.0 = Release|Any CPU
		{D78C8F6D-108A-4F3E-BDC4-25364965E8F7}.Debug|Any CPU.ActiveCfg = Debug|Any CPU
		{D78C8F6D-108A-4F3E-BDC4-25364965E8F7}.Debug|Any CPU.Build.0 = Debug|Any CPU
		{D78C8F6D-108A-4F3E-BDC4-25364965E8F7}.Debug|x64.ActiveCfg = Debug|Any CPU
		{D78C8F6D-108A-4F3E-BDC4-25364965E8F7}.Debug|x64.Build.0 = Debug|Any CPU
		{D78C8F6D-108A-4F3E-BDC4-25364965E8F7}.Debug|x86.ActiveCfg = Debug|Any CPU
		{D78C8F6D-108A-4F3E-BDC4-25364965E8F7}.Debug|x86.Build.0 = Debug|Any CPU
		{D78C8F6D-108A-4F3E-BDC4-25364965E8F7}.Release|Any CPU.ActiveCfg = Release|Any CPU
		{D78C8F6D-108A-4F3E-BDC4-25364965E8F7}.Release|Any CPU.Build.0 = Release|Any CPU
		{D78C8F6D-108A-4F3E-BDC4-25364965E8F7}.Release|x64.ActiveCfg = Release|Any CPU
		{D78C8F6D-108A-4F3E-BDC4-25364965E8F7}.Release|x64.Build.0 = Release|Any CPU
		{D78C8F6D-108A-4F3E-BDC4-25364965E8F7}.Release|x86.ActiveCfg = Release|Any CPU
		{D78C8F6D-108A-4F3E-BDC4-25364965E8F7}.Release|x86.Build.0 = Release|Any CPU
		{C12AD831-24A3-4B3D-9345-C770D6D9C0DB}.Debug|Any CPU.ActiveCfg = Debug|Any CPU
		{C12AD831-24A3-4B3D-9345-C770D6D9C0DB}.Debug|Any CPU.Build.0 = Debug|Any CPU
		{C12AD831-24A3-4B3D-9345-C770D6D9C0DB}.Debug|x64.ActiveCfg = Debug|Any CPU
		{C12AD831-24A3-4B3D-9345-C770D6D9C0DB}.Debug|x64.Build.0 = Debug|Any CPU
		{C12AD831-24A3-4B3D-9345-C770D6D9C0DB}.Debug|x86.ActiveCfg = Debug|Any CPU
		{C12AD831-24A3-4B3D-9345-C770D6D9C0DB}.Debug|x86.Build.0 = Debug|Any CPU
		{C12AD831-24A3-4B3D-9345-C770D6D9C0DB}.Release|Any CPU.ActiveCfg = Release|Any CPU
		{C12AD831-24A3-4B3D-9345-C770D6D9C0DB}.Release|Any CPU.Build.0 = Release|Any CPU
		{C12AD831-24A3-4B3D-9345-C770D6D9C0DB}.Release|x64.ActiveCfg = Release|Any CPU
		{C12AD831-24A3-4B3D-9345-C770D6D9C0DB}.Release|x64.Build.0 = Release|Any CPU
		{C12AD831-24A3-4B3D-9345-C770D6D9C0DB}.Release|x86.ActiveCfg = Release|Any CPU
		{C12AD831-24A3-4B3D-9345-C770D6D9C0DB}.Release|x86.Build.0 = Release|Any CPU
	EndGlobalSection
	GlobalSection(SolutionProperties) = preSolution
		HideSolutionNode = FALSE
	EndGlobalSection
	GlobalSection(NestedProjects) = preSolution
		{FB6FBD94-FD07-474C-92A4-7C3EE060AFE4} = {1014AEFF-96BD-46EE-AFBB-8106F6569F42}
		{C694DCAE-CA86-48DD-B7DE-FABA52636790} = {14901AE0-5504-4386-88A3-32AFAC6EEA81}
		{5764AAF4-A169-4207-8535-91855937066E} = {14901AE0-5504-4386-88A3-32AFAC6EEA81}
		{E92B9807-96F4-4C06-A5C0-D3DAB2744D6F} = {CE17FEC3-97E3-4A5C-B4B1-6B0E5D6416D7}
		{49F42A9B-5B0F-4C35-85F3-6AFDB9C11CBD} = {CE17FEC3-97E3-4A5C-B4B1-6B0E5D6416D7}
		{E3F0643A-3AA1-440E-8D18-DD4FAE99D4E6} = {14901AE0-5504-4386-88A3-32AFAC6EEA81}
		{7505CC52-2F80-4D03-95B4-FA12C1847A2F} = {E92B9807-96F4-4C06-A5C0-D3DAB2744D6F}
		{D78C8F6D-108A-4F3E-BDC4-25364965E8F7} = {49F42A9B-5B0F-4C35-85F3-6AFDB9C11CBD}
		{C12AD831-24A3-4B3D-9345-C770D6D9C0DB} = {F9F98DD3-99F5-411C-B7EB-66C954475D69}
	EndGlobalSection
	GlobalSection(ExtensibilityGlobals) = postSolution
		SolutionGuid = {8CCA167D-4C17-48E6-8ED7-966D1B171D34}
	EndGlobalSection
EndGlobal
